
Microsoft Visual Studio Solution File, Format Version 12.00
Project("{FAE04EC0-301F-11D3-BF4B-00C04F79EFBC}") = "NotesProject", "NotesProject\NotesProject.csproj", "{A7F82359-F836-4CBA-BFCC-5F53CED356BD}"
EndProject
Global
	GlobalSection(SolutionConfigurationPlatforms) = preSolution
		Debug|Any CPU = Debug|Any CPU
		Release|Any CPU = Release|Any CPU
	EndGlobalSection
	GlobalSection(ProjectConfigurationPlatforms) = postSolution
		{A7F82359-F836-4CBA-BFCC-5F53CED356BD}.Debug|Any CPU.ActiveCfg = Debug|Any CPU
		{A7F82359-F836-4CBA-BFCC-5F53CED356BD}.Debug|Any CPU.Build.0 = Debug|Any CPU
		{A7F82359-F836-4CBA-BFCC-5F53CED356BD}.Release|Any CPU.ActiveCfg = Release|Any CPU
		{A7F82359-F836-4CBA-BFCC-5F53CED356BD}.Release|Any CPU.Build.0 = Release|Any CPU
	EndGlobalSection
EndGlobal
